
Microsoft Visual Studio Solution File, Format Version 12.00
# Visual Studio Version 17
VisualStudioVersion = 17.8.34322.80
MinimumVisualStudioVersion = 10.0.40219.1
Project("{8BC9CEB8-8B4A-11D0-8D11-00A0C91BC942}") = "airline registration system project", "airline registration system project.vcxproj", "{067808F0-02A9-484A-BEB6-1E5197F16DEE}"
EndProject
Global
	GlobalSection(SolutionConfigurationPlatforms) = preSolution
		Debug|x64 = Debug|x64
		Debug|x86 = Debug|x86
		Release|x64 = Release|x64
		Release|x86 = Release|x86
	EndGlobalSection
	GlobalSection(ProjectConfigurationPlatforms) = postSolution
		{067808F0-02A9-484A-BEB6-1E5197F16DEE}.Debug|x64.ActiveCfg = Debug|x64
		{067808F0-02A9-484A-BEB6-1E5197F16DEE}.Debug|x64.Build.0 = Debug|x64
		{067808F0-02A9-484A-BEB6-1E5197F16DEE}.Debug|x86.ActiveCfg = Debug|Win32
		{067808F0-02A9-484A-BEB6-1E5197F16DEE}.Debug|x86.Build.0 = Debug|Win32
		{067808F0-02A9-484A-BEB6-1E5197F16DEE}.Release|x64.ActiveCfg = Release|x64
		{067808F0-02A9-484A-BEB6-1E5197F16DEE}.Release|x64.Build.0 = Release|x64
		{067808F0-02A9-484A-BEB6-1E5197F16DEE}.Release|x86.ActiveCfg = Release|Win32
		{067808F0-02A9-484A-BEB6-1E5197F16DEE}.Release|x86.Build.0 = Release|Win32
	EndGlobalSection
	GlobalSection(SolutionProperties) = preSolution
		HideSolutionNode = FALSE
	EndGlobalSection
	GlobalSection(ExtensibilityGlobals) = postSolution
		SolutionGuid = {B8FFD396-420A-47FD-8FC2-0D5DD4878A36}
	EndGlobalSection
EndGlobal
